
Microsoft Visual Studio Solution File, Format Version 12.00
# Visual Studio 14
VisualStudioVersion = 14.0.25123.0
MinimumVisualStudioVersion = 10.0.40219.1
Project("{FAE04EC0-301F-11D3-BF4B-00C04F79EFBC}") = "DailyTimeTracker", "DailyTimeTracker\DailyTimeTracker.csproj", "{8EC50F5E-27CA-4A18-ABA7-67A4CA092847}"
EndProject
Project("{FAE04EC0-301F-11D3-BF4B-00C04F79EFBC}") = "DailyTimeTrackerTests", "DailyTimeTrackerTests\DailyTimeTrackerTests.csproj", "{721ABF09-1DF0-46CD-8CD6-CB105CC09C0A}"
EndProject
Global
	GlobalSection(SolutionConfigurationPlatforms) = preSolution
		Debug|Any CPU = Debug|Any CPU
		Release|Any CPU = Release|Any CPU
	EndGlobalSection
	GlobalSection(ProjectConfigurationPlatforms) = postSolution
		{8EC50F5E-27CA-4A18-ABA7-67A4CA092847}.Debug|Any CPU.ActiveCfg = Debug|Any CPU
		{8EC50F5E-27CA-4A18-ABA7-67A4CA092847}.Debug|Any CPU.Build.0 = Debug|Any CPU
		{8EC50F5E-27CA-4A18-ABA7-67A4CA092847}.Release|Any CPU.ActiveCfg = Release|Any CPU
		{8EC50F5E-27CA-4A18-ABA7-67A4CA092847}.Release|Any CPU.Build.0 = Release|Any CPU
		{721ABF09-1DF0-46CD-8CD6-CB105CC09C0A}.Debug|Any CPU.ActiveCfg = Debug|Any CPU
		{721ABF09-1DF0-46CD-8CD6-CB105CC09C0A}.Debug|Any CPU.Build.0 = Debug|Any CPU
		{721ABF09-1DF0-46CD-8CD6-CB105CC09C0A}.Release|Any CPU.ActiveCfg = Release|Any CPU
		{721ABF09-1DF0-46CD-8CD6-CB105CC09C0A}.Release|Any CPU.Build.0 = Release|Any CPU
	EndGlobalSection
	GlobalSection(SolutionProperties) = preSolution
		HideSolutionNode = FALSE
	EndGlobalSection
EndGlobal
